// !$*UTF8*$!
{
	archiveVersion = 1;
	classes = {
	};
	objectVersion = 56;
	objects = {

/* Begin PBXBuildFile section */
		F78BBFAF2BBE9D270015E427 /* AppDelegate.swift in Sources */ = {isa = PBXBuildFile; fileRef = F78BBFAE2BBE9D270015E427 /* AppDelegate.swift */; };
		F78BBFB12BBE9D270015E427 /* SceneDelegate.swift in Sources */ = {isa = PBXBuildFile; fileRef = F78BBFB02BBE9D270015E427 /* SceneDelegate.swift */; };
		F78BBFB32BBE9D270015E427 /* IncultVC.swift in Sources */ = {isa = PBXBuildFile; fileRef = F78BBFB22BBE9D270015E427 /* IncultVC.swift */; };
		F78BBFB82BBE9D280015E427 /* Assets.xcassets in Resources */ = {isa = PBXBuildFile; fileRef = F78BBFB72BBE9D280015E427 /* Assets.xcassets */; };
		F78BBFBB2BBE9D280015E427 /* Base in Resources */ = {isa = PBXBuildFile; fileRef = F78BBFBA2BBE9D280015E427 /* Base */; };
		F78BBFC62BBE9FAE0015E427 /* SnapKit in Frameworks */ = {isa = PBXBuildFile; productRef = F78BBFC52BBE9FAE0015E427 /* SnapKit */; };
		F78BBFC82BBE9FAE0015E427 /* SnapKit-Dynamic in Frameworks */ = {isa = PBXBuildFile; productRef = F78BBFC72BBE9FAE0015E427 /* SnapKit-Dynamic */; };
		F78BBFCB2BBE9FCB0015E427 /* SwiftyJSON in Frameworks */ = {isa = PBXBuildFile; productRef = F78BBFCA2BBE9FCB0015E427 /* SwiftyJSON */; };
		F78BBFCE2BBEA0140015E427 /* Alamofire in Frameworks */ = {isa = PBXBuildFile; productRef = F78BBFCD2BBEA0140015E427 /* Alamofire */; };
		F78BBFD02BBEA0140015E427 /* AlamofireDynamic in Frameworks */ = {isa = PBXBuildFile; productRef = F78BBFCF2BBEA0140015E427 /* AlamofireDynamic */; };
/* End PBXBuildFile section */

/* Begin PBXFileReference section */
		F78BBFAB2BBE9D270015E427 /* Incult.app */ = {isa = PBXFileReference; explicitFileType = wrapper.application; includeInIndex = 0; path = Incult.app; sourceTree = BUILT_PRODUCTS_DIR; };
		F78BBFAE2BBE9D270015E427 /* AppDelegate.swift */ = {isa = PBXFileReference; lastKnownFileType = sourcecode.swift; path = AppDelegate.swift; sourceTree = "<group>"; };
		F78BBFB02BBE9D270015E427 /* SceneDelegate.swift */ = {isa = PBXFileReference; lastKnownFileType = sourcecode.swift; path = SceneDelegate.swift; sourceTree = "<group>"; };
		F78BBFB22BBE9D270015E427 /* IncultVC.swift */ = {isa = PBXFileReference; lastKnownFileType = sourcecode.swift; path = IncultVC.swift; sourceTree = "<group>"; };
		F78BBFB72BBE9D280015E427 /* Assets.xcassets */ = {isa = PBXFileReference; lastKnownFileType = folder.assetcatalog; path = Assets.xcassets; sourceTree = "<group>"; };
		F78BBFBA2BBE9D280015E427 /* Base */ = {isa = PBXFileReference; lastKnownFileType = file.storyboard; name = Base; path = Base.lproj/LaunchScreen.storyboard; sourceTree = "<group>"; };
		F78BBFBC2BBE9D280015E427 /* Info.plist */ = {isa = PBXFileReference; lastKnownFileType = text.plist.xml; path = Info.plist; sourceTree = "<group>"; };
/* End PBXFileReference section */

/* Begin PBXFrameworksBuildPhase section */
		F78BBFA82BBE9D270015E427 /* Frameworks */ = {
			isa = PBXFrameworksBuildPhase;
			buildActionMask = 2147483647;
			files = (
				F78BBFCB2BBE9FCB0015E427 /* SwiftyJSON in Frameworks */,
				F78BBFCE2BBEA0140015E427 /* Alamofire in Frameworks */,
				F78BBFD02BBEA0140015E427 /* AlamofireDynamic in Frameworks */,
				F78BBFC62BBE9FAE0015E427 /* SnapKit in Frameworks */,
				F78BBFC82BBE9FAE0015E427 /* SnapKit-Dynamic in Frameworks */,
			);
			runOnlyForDeploymentPostprocessing = 0;
		};
/* End PBXFrameworksBuildPhase section */

/* Begin PBXGroup section */
		F78BBFA22BBE9D270015E427 = {
			isa = PBXGroup;
			children = (
				F78BBFAD2BBE9D270015E427 /* Incult */,
				F78BBFAC2BBE9D270015E427 /* Products */,
			);
			sourceTree = "<group>";
		};
		F78BBFAC2BBE9D270015E427 /* Products */ = {
			isa = PBXGroup;
			children = (
				F78BBFAB2BBE9D270015E427 /* Incult.app */,
			);
			name = Products;
			sourceTree = "<group>";
		};
		F78BBFAD2BBE9D270015E427 /* Incult */ = {
			isa = PBXGroup;
			children = (
				F78BBFAE2BBE9D270015E427 /* AppDelegate.swift */,
				F78BBFB02BBE9D270015E427 /* SceneDelegate.swift */,
				F78BBFC32BBE9E540015E427 /* VC */,
				F78BBFB72BBE9D280015E427 /* Assets.xcassets */,
				F78BBFB92BBE9D280015E427 /* LaunchScreen.storyboard */,
				F78BBFBC2BBE9D280015E427 /* Info.plist */,
			);
			path = Incult;
			sourceTree = "<group>";
		};
		F78BBFC32BBE9E540015E427 /* VC */ = {
			isa = PBXGroup;
			children = (
				F78BBFB22BBE9D270015E427 /* IncultVC.swift */,
			);
			path = VC;
			sourceTree = "<group>";
		};
/* End PBXGroup section */

/* Begin PBXNativeTarget section */
		F78BBFAA2BBE9D270015E427 /* Incult */ = {
			isa = PBXNativeTarget;
			buildConfigurationList = F78BBFBF2BBE9D280015E427 /* Build configuration list for PBXNativeTarget "Incult" */;
			buildPhases = (
				F78BBFA72BBE9D270015E427 /* Sources */,
				F78BBFA82BBE9D270015E427 /* Frameworks */,
				F78BBFA92BBE9D270015E427 /* Resources */,
			);
			buildRules = (
			);
			dependencies = (
			);
			name = Incult;
			packageProductDependencies = (
				F78BBFC52BBE9FAE0015E427 /* SnapKit */,
				F78BBFC72BBE9FAE0015E427 /* SnapKit-Dynamic */,
				F78BBFCA2BBE9FCB0015E427 /* SwiftyJSON */,
				F78BBFCD2BBEA0140015E427 /* Alamofire */,
				F78BBFCF2BBEA0140015E427 /* AlamofireDynamic */,
			);
			productName = Incult;
			productReference = F78BBFAB2BBE9D270015E427 /* Incult.app */;
			productType = "com.apple.product-type.application";
		};
/* End PBXNativeTarget section */

/* Begin PBXProject section */
		F78BBFA32BBE9D270015E427 /* Project object */ = {
			isa = PBXProject;
			attributes = {
				BuildIndependentTargetsInParallel = 1;
				LastSwiftUpdateCheck = 1530;
				LastUpgradeCheck = 1530;
				TargetAttributes = {
					F78BBFAA2BBE9D270015E427 = {
						CreatedOnToolsVersion = 15.3;
					};
				};
			};
			buildConfigurationList = F78BBFA62BBE9D270015E427 /* Build configuration list for PBXProject "Incult" */;
			compatibilityVersion = "Xcode 14.0";
			developmentRegion = en;
			hasScannedForEncodings = 0;
			knownRegions = (
				en,
				Base,
			);
			mainGroup = F78BBFA22BBE9D270015E427;
			packageReferences = (
				F78BBFC42BBE9FAE0015E427 /* XCRemoteSwiftPackageReference "SnapKit" */,
				F78BBFC92BBE9FCB0015E427 /* XCRemoteSwiftPackageReference "SwiftyJSON" */,
				F78BBFCC2BBEA0140015E427 /* XCRemoteSwiftPackageReference "Alamofire" */,
			);
			productRefGroup = F78BBFAC2BBE9D270015E427 /* Products */;
			projectDirPath = "";
			projectRoot = "";
			targets = (
				F78BBFAA2BBE9D270015E427 /* Incult */,
			);
		};
/* End PBXProject section */

/* Begin PBXResourcesBuildPhase section */
		F78BBFA92BBE9D270015E427 /* Resources */ = {
			isa = PBXResourcesBuildPhase;
			buildActionMask = 2147483647;
			files = (
				F78BBFB82BBE9D280015E427 /* Assets.xcassets in Resources */,
				F78BBFBB2BBE9D280015E427 /* Base in Resources */,
			);
			runOnlyForDeploymentPostprocessing = 0;
		};
/* End PBXResourcesBuildPhase section */

/* Begin PBXSourcesBuildPhase section */
		F78BBFA72BBE9D270015E427 /* Sources */ = {
			isa = PBXSourcesBuildPhase;
			buildActionMask = 2147483647;
			files = (
				F78BBFB32BBE9D270015E427 /* IncultVC.swift in Sources */,
				F78BBFAF2BBE9D270015E427 /* AppDelegate.swift in Sources */,
				F78BBFB12BBE9D270015E427 /* SceneDelegate.swift in Sources */,
			);
			runOnlyForDeploymentPostprocessing = 0;
		};
/* End PBXSourcesBuildPhase section */

/* Begin PBXVariantGroup section */
		F78BBFB92BBE9D280015E427 /* LaunchScreen.storyboard */ = {
			isa = PBXVariantGroup;
			children = (
				F78BBFBA2BBE9D280015E427 /* Base */,
			);
			name = LaunchScreen.storyboard;
			sourceTree = "<group>";
		};
/* End PBXVariantGroup section */

/* Begin XCBuildConfiguration section */
		F78BBFBD2BBE9D280015E427 /* Debug */ = {
			isa = XCBuildConfiguration;
			buildSettings = {
				ALWAYS_SEARCH_USER_PATHS = NO;
				ASSETCATALOG_COMPILER_GENERATE_SWIFT_ASSET_SYMBOL_EXTENSIONS = YES;
				CLANG_ANALYZER_NONNULL = YES;
				CLANG_ANALYZER_NUMBER_OBJECT_CONVERSION = YES_AGGRESSIVE;
				CLANG_CXX_LANGUAGE_STANDARD = "gnu++20";
				CLANG_ENABLE_MODULES = YES;
				CLANG_ENABLE_OBJC_ARC = YES;
				CLANG_ENABLE_OBJC_WEAK = YES;
				CLANG_WARN_BLOCK_CAPTURE_AUTORELEASING = YES;
				CLANG_WARN_BOOL_CONVERSION = YES;
				CLANG_WARN_COMMA = YES;
				CLANG_WARN_CONSTANT_CONVERSION = YES;
				CLANG_WARN_DEPRECATED_OBJC_IMPLEMENTATIONS = YES;
				CLANG_WARN_DIRECT_OBJC_ISA_USAGE = YES_ERROR;
				CLANG_WARN_DOCUMENTATION_COMMENTS = YES;
				CLANG_WARN_EMPTY_BODY = YES;
				CLANG_WARN_ENUM_CONVERSION = YES;
				CLANG_WARN_INFINITE_RECURSION = YES;
				CLANG_WARN_INT_CONVERSION = YES;
				CLANG_WARN_NON_LITERAL_NULL_CONVERSION = YES;
				CLANG_WARN_OBJC_IMPLICIT_RETAIN_SELF = YES;
				CLANG_WARN_OBJC_LITERAL_CONVERSION = YES;
				CLANG_WARN_OBJC_ROOT_CLASS = YES_ERROR;
				CLANG_WARN_QUOTED_INCLUDE_IN_FRAMEWORK_HEADER = YES;
				CLANG_WARN_RANGE_LOOP_ANALYSIS = YES;
				CLANG_WARN_STRICT_PROTOTYPES = YES;
				CLANG_WARN_SUSPICIOUS_MOVE = YES;
				CLANG_WARN_UNGUARDED_AVAILABILITY = YES_AGGRESSIVE;
				CLANG_WARN_UNREACHABLE_CODE = YES;
				CLANG_WARN__DUPLICATE_METHOD_MATCH = YES;
				COPY_PHASE_STRIP = NO;
				DEBUG_INFORMATION_FORMAT = dwarf;
				ENABLE_STRICT_OBJC_MSGSEND = YES;
				ENABLE_TESTABILITY = YES;
				ENABLE_USER_SCRIPT_SANDBOXING = YES;
				GCC_C_LANGUAGE_STANDARD = gnu17;
				GCC_DYNAMIC_NO_PIC = NO;
				GCC_NO_COMMON_BLOCKS = YES;
				GCC_OPTIMIZATION_LEVEL = 0;
				GCC_PREPROCESSOR_DEFINITIONS = (
					"DEBUG=1",
					"$(inherited)",
				);
				GCC_WARN_64_TO_32_BIT_CONVERSION = YES;
				GCC_WARN_ABOUT_RETURN_TYPE = YES_ERROR;
				GCC_WARN_UNDECLARED_SELECTOR = YES;
				GCC_WARN_UNINITIALIZED_AUTOS = YES_AGGRESSIVE;
				GCC_WARN_UNUSED_FUNCTION = YES;
				GCC_WARN_UNUSED_VARIABLE = YES;
				IPHONEOS_DEPLOYMENT_TARGET = 17.4;
				LOCALIZATION_PREFERS_STRING_CATALOGS = YES;
				MTL_ENABLE_DEBUG_INFO = INCLUDE_SOURCE;
				MTL_FAST_MATH = YES;
				ONLY_ACTIVE_ARCH = YES;
				SDKROOT = iphoneos;
				SWIFT_ACTIVE_COMPILATION_CONDITIONS = "DEBUG $(inherited)";
				SWIFT_OPTIMIZATION_LEVEL = "-Onone";
			};
			name = Debug;
		};
		F78BBFBE2BBE9D280015E427 /* Release */ = {
			isa = XCBuildConfiguration;
			buildSettings = {
				ALWAYS_SEARCH_USER_PATHS = NO;
				ASSETCATALOG_COMPILER_GENERATE_SWIFT_ASSET_SYMBOL_EXTENSIONS = YES;
				CLANG_ANALYZER_NONNULL = YES;
				CLANG_ANALYZER_NUMBER_OBJECT_CONVERSION = YES_AGGRESSIVE;
				CLANG_CXX_LANGUAGE_STANDARD = "gnu++20";
				CLANG_ENABLE_MODULES = YES;
				CLANG_ENABLE_OBJC_ARC = YES;
				CLANG_ENABLE_OBJC_WEAK = YES;
				CLANG_WARN_BLOCK_CAPTURE_AUTORELEASING = YES;
				CLANG_WARN_BOOL_CONVERSION = YES;
				CLANG_WARN_COMMA = YES;
				CLANG_WARN_CONSTANT_CONVERSION = YES;
				CLANG_WARN_DEPRECATED_OBJC_IMPLEMENTATIONS = YES;
				CLANG_WARN_DIRECT_OBJC_ISA_USAGE = YES_ERROR;
				CLANG_WARN_DOCUMENTATION_COMMENTS = YES;
				CLANG_WARN_EMPTY_BODY = YES;
				CLANG_WARN_ENUM_CONVERSION = YES;
				CLANG_WARN_INFINITE_RECURSION = YES;
				CLANG_WARN_INT_CONVERSION = YES;
				CLANG_WARN_NON_LITERAL_NULL_CONVERSION = YES;
				CLANG_WARN_OBJC_IMPLICIT_RETAIN_SELF = YES;
				CLANG_WARN_OBJC_LITERAL_CONVERSION = YES;
				CLANG_WARN_OBJC_ROOT_CLASS = YES_ERROR;
				CLANG_WARN_QUOTED_INCLUDE_IN_FRAMEWORK_HEADER = YES;
				CLANG_WARN_RANGE_LOOP_ANALYSIS = YES;
				CLANG_WARN_STRICT_PROTOTYPES = YES;
				CLANG_WARN_SUSPICIOUS_MOVE = YES;
				CLANG_WARN_UNGUARDED_AVAILABILITY = YES_AGGRESSIVE;
				CLANG_WARN_UNREACHABLE_CODE = YES;
				CLANG_WARN__DUPLICATE_METHOD_MATCH = YES;
				COPY_PHASE_STRIP = NO;
				DEBUG_INFORMATION_FORMAT = "dwarf-with-dsym";
				ENABLE_NS_ASSERTIONS = NO;
				ENABLE_STRICT_OBJC_MSGSEND = YES;
				ENABLE_USER_SCRIPT_SANDBOXING = YES;
				GCC_C_LANGUAGE_STANDARD = gnu17;
				GCC_NO_COMMON_BLOCKS = YES;
				GCC_WARN_64_TO_32_BIT_CONVERSION = YES;
				GCC_WARN_ABOUT_RETURN_TYPE = YES_ERROR;
				GCC_WARN_UNDECLARED_SELECTOR = YES;
				GCC_WARN_UNINITIALIZED_AUTOS = YES_AGGRESSIVE;
				GCC_WARN_UNUSED_FUNCTION = YES;
				GCC_WARN_UNUSED_VARIABLE = YES;
				IPHONEOS_DEPLOYMENT_TARGET = 17.4;
				LOCALIZATION_PREFERS_STRING_CATALOGS = YES;
				MTL_ENABLE_DEBUG_INFO = NO;
				MTL_FAST_MATH = YES;
				SDKROOT = iphoneos;
				SWIFT_COMPILATION_MODE = wholemodule;
				VALIDATE_PRODUCT = YES;
			};
			name = Release;
		};
		F78BBFC02BBE9D280015E427 /* Debug */ = {
			isa = XCBuildConfiguration;
			buildSettings = {
				ASSETCATALOG_COMPILER_APPICON_NAME = AppIcon;
				ASSETCATALOG_COMPILER_GLOBAL_ACCENT_COLOR_NAME = AccentColor;
				CODE_SIGN_STYLE = Automatic;
				CURRENT_PROJECT_VERSION = 1;
				DEVELOPMENT_TEAM = NX4Z863YP5;
				GENERATE_INFOPLIST_FILE = YES;
				INFOPLIST_FILE = Incult/Info.plist;
				INFOPLIST_KEY_UIApplicationSupportsIndirectInputEvents = YES;
				INFOPLIST_KEY_UILaunchStoryboardName = LaunchScreen;
				INFOPLIST_KEY_UISupportedInterfaceOrientations_iPad = "UIInterfaceOrientationPortrait UIInterfaceOrientationPortraitUpsideDown UIInterfaceOrientationLandscapeLeft UIInterfaceOrientationLandscapeRight";
				INFOPLIST_KEY_UISupportedInterfaceOrientations_iPhone = "UIInterfaceOrientationPortrait UIInterfaceOrientationLandscapeLeft UIInterfaceOrientationLandscapeRight";
				LD_RUNPATH_SEARCH_PATHS = (
					"$(inherited)",
					"@executable_path/Frameworks",
				);
				MARKETING_VERSION = 1.0;
				PRODUCT_BUNDLE_IDENTIFIER = voitivit.Incult;
				PRODUCT_NAME = "$(TARGET_NAME)";
				SWIFT_EMIT_LOC_STRINGS = YES;
				SWIFT_VERSION = 5.0;
				TARGETED_DEVICE_FAMILY = "1,2";
			};
			name = Debug;
		};
		F78BBFC12BBE9D280015E427 /* Release */ = {
			isa = XCBuildConfiguration;
			buildSettings = {
				ASSETCATALOG_COMPILER_APPICON_NAME = AppIcon;
				ASSETCATALOG_COMPILER_GLOBAL_ACCENT_COLOR_NAME = AccentColor;
				CODE_SIGN_STYLE = Automatic;
				CURRENT_PROJECT_VERSION = 1;
				DEVELOPMENT_TEAM = NX4Z863YP5;
				GENERATE_INFOPLIST_FILE = YES;
				INFOPLIST_FILE = Incult/Info.plist;
				INFOPLIST_KEY_UIApplicationSupportsIndirectInputEvents = YES;
				INFOPLIST_KEY_UILaunchStoryboardName = LaunchScreen;
				INFOPLIST_KEY_UISupportedInterfaceOrientations_iPad = "UIInterfaceOrientationPortrait UIInterfaceOrientationPortraitUpsideDown UIInterfaceOrientationLandscapeLeft UIInterfaceOrientationLandscapeRight";
				INFOPLIST_KEY_UISupportedInterfaceOrientations_iPhone = "UIInterfaceOrientationPortrait UIInterfaceOrientationLandscapeLeft UIInterfaceOrientationLandscapeRight";
				LD_RUNPATH_SEARCH_PATHS = (
					"$(inherited)",
					"@executable_path/Frameworks",
				);
				MARKETING_VERSION = 1.0;
				PRODUCT_BUNDLE_IDENTIFIER = voitivit.Incult;
				PRODUCT_NAME = "$(TARGET_NAME)";
				SWIFT_EMIT_LOC_STRINGS = YES;
				SWIFT_VERSION = 5.0;
				TARGETED_DEVICE_FAMILY = "1,2";
			};
			name = Release;
		};
/* End XCBuildConfiguration section */

/* Begin XCConfigurationList section */
		F78BBFA62BBE9D270015E427 /* Build configuration list for PBXProject "Incult" */ = {
			isa = XCConfigurationList;
			buildConfigurations = (
				F78BBFBD2BBE9D280015E427 /* Debug */,
				F78BBFBE2BBE9D280015E427 /* Release */,
			);
			defaultConfigurationIsVisible = 0;
			defaultConfigurationName = Release;
		};
		F78BBFBF2BBE9D280015E427 /* Build configuration list for PBXNativeTarget "Incult" */ = {
			isa = XCConfigurationList;
			buildConfigurations = (
				F78BBFC02BBE9D280015E427 /* Debug */,
				F78BBFC12BBE9D280015E427 /* Release */,
			);
			defaultConfigurationIsVisible = 0;
			defaultConfigurationName = Release;
		};
/* End XCConfigurationList section */

/* Begin XCRemoteSwiftPackageReference section */
		F78BBFC42BBE9FAE0015E427 /* XCRemoteSwiftPackageReference "SnapKit" */ = {
			isa = XCRemoteSwiftPackageReference;
			repositoryURL = "https://github.com/SnapKit/SnapKit.git";
			requirement = {
				kind = upToNextMajorVersion;
				minimumVersion = 5.7.1;
			};
		};
		F78BBFC92BBE9FCB0015E427 /* XCRemoteSwiftPackageReference "SwiftyJSON" */ = {
			isa = XCRemoteSwiftPackageReference;
			repositoryURL = "https://github.com/SwiftyJSON/SwiftyJSON.git";
			requirement = {
				kind = upToNextMajorVersion;
				minimumVersion = 5.0.2;
			};
		};
		F78BBFCC2BBEA0140015E427 /* XCRemoteSwiftPackageReference "Alamofire" */ = {
			isa = XCRemoteSwiftPackageReference;
			repositoryURL = "https://github.com/Alamofire/Alamofire.git";
			requirement = {
				kind = upToNextMajorVersion;
				minimumVersion = 5.9.1;
			};
		};
/* End XCRemoteSwiftPackageReference section */

/* Begin XCSwiftPackageProductDependency section */
		F78BBFC52BBE9FAE0015E427 /* SnapKit */ = {
			isa = XCSwiftPackageProductDependency;
			package = F78BBFC42BBE9FAE0015E427 /* XCRemoteSwiftPackageReference "SnapKit" */;
			productName = SnapKit;
		};
		F78BBFC72BBE9FAE0015E427 /* SnapKit-Dynamic */ = {
			isa = XCSwiftPackageProductDependency;
			package = F78BBFC42BBE9FAE0015E427 /* XCRemoteSwiftPackageReference "SnapKit" */;
			productName = "SnapKit-Dynamic";
		};
		F78BBFCA2BBE9FCB0015E427 /* SwiftyJSON */ = {
			isa = XCSwiftPackageProductDependency;
			package = F78BBFC92BBE9FCB0015E427 /* XCRemoteSwiftPackageReference "SwiftyJSON" */;
			productName = SwiftyJSON;
		};
		F78BBFCD2BBEA0140015E427 /* Alamofire */ = {
			isa = XCSwiftPackageProductDependency;
			package = F78BBFCC2BBEA0140015E427 /* XCRemoteSwiftPackageReference "Alamofire" */;
			productName = Alamofire;
		};
		F78BBFCF2BBEA0140015E427 /* AlamofireDynamic */ = {
			isa = XCSwiftPackageProductDependency;
			package = F78BBFCC2BBEA0140015E427 /* XCRemoteSwiftPackageReference "Alamofire" */;
			productName = AlamofireDynamic;
		};
/* End XCSwiftPackageProductDependency section */
	};
	rootObject = F78BBFA32BBE9D270015E427 /* Project object */;
}
